
Microsoft Visual Studio Solution File, Format Version 12.00
# Visual Studio 15
VisualStudioVersion = 15.0.28307.168
MinimumVisualStudioVersion = 10.0.40219.1
Project("{FAE04EC0-301F-11D3-BF4B-00C04F79EFBC}") = "HotelDeBotel", "HotelDeBotel\HotelDeBotel.csproj", "{76498BBD-A37C-4392-8F89-5C170E8854A6}"
EndProject
Project("{FAE04EC0-301F-11D3-BF4B-00C04F79EFBC}") = "HotelDeBotel.Tests", "HotelDeBotel.Tests\HotelDeBotel.Tests.csproj", "{E0335994-2B01-4828-81DF-DF45BF897E14}"
EndProject
Project("{00D1A9C2-B5F0-4AF3-8072-F6C62B433612}") = "HotelDB", "HotelDB\HotelDB.sqlproj", "{23F589CA-0B4D-42A9-B365-D0CE3C82CBC1}"
EndProject
Global
	GlobalSection(SolutionConfigurationPlatforms) = preSolution
		Debug|Any CPU = Debug|Any CPU
		Release|Any CPU = Release|Any CPU
	EndGlobalSection
	GlobalSection(ProjectConfigurationPlatforms) = postSolution
		{76498BBD-A37C-4392-8F89-5C170E8854A6}.Debug|Any CPU.ActiveCfg = Debug|Any CPU
		{76498BBD-A37C-4392-8F89-5C170E8854A6}.Debug|Any CPU.Build.0 = Debug|Any CPU
		{76498BBD-A37C-4392-8F89-5C170E8854A6}.Release|Any CPU.ActiveCfg = Release|Any CPU
		{76498BBD-A37C-4392-8F89-5C170E8854A6}.Release|Any CPU.Build.0 = Release|Any CPU
		{E0335994-2B01-4828-81DF-DF45BF897E14}.Debug|Any CPU.ActiveCfg = Debug|Any CPU
		{E0335994-2B01-4828-81DF-DF45BF897E14}.Debug|Any CPU.Build.0 = Debug|Any CPU
		{E0335994-2B01-4828-81DF-DF45BF897E14}.Release|Any CPU.ActiveCfg = Release|Any CPU
		{E0335994-2B01-4828-81DF-DF45BF897E14}.Release|Any CPU.Build.0 = Release|Any CPU
		{23F589CA-0B4D-42A9-B365-D0CE3C82CBC1}.Debug|Any CPU.ActiveCfg = Debug|Any CPU
		{23F589CA-0B4D-42A9-B365-D0CE3C82CBC1}.Debug|Any CPU.Build.0 = Debug|Any CPU
		{23F589CA-0B4D-42A9-B365-D0CE3C82CBC1}.Debug|Any CPU.Deploy.0 = Debug|Any CPU
		{23F589CA-0B4D-42A9-B365-D0CE3C82CBC1}.Release|Any CPU.ActiveCfg = Release|Any CPU
		{23F589CA-0B4D-42A9-B365-D0CE3C82CBC1}.Release|Any CPU.Build.0 = Release|Any CPU
		{23F589CA-0B4D-42A9-B365-D0CE3C82CBC1}.Release|Any CPU.Deploy.0 = Release|Any CPU
	EndGlobalSection
	GlobalSection(SolutionProperties) = preSolution
		HideSolutionNode = FALSE
	EndGlobalSection
	GlobalSection(ExtensibilityGlobals) = postSolution
		SolutionGuid = {59768DA9-842D-4A96-9004-1E58A8D1AB80}
	EndGlobalSection
EndGlobal
